// !$*UTF8*$!
{
	archiveVersion = 1;
	classes = {
	};
	objectVersion = 50;
	objects = {

/* Begin PBXBuildFile section */
		2F58EEE624E51F3500904F8F /* AppDelegate.swift in Sources */ = {isa = PBXBuildFile; fileRef = 2F58EEE524E51F3500904F8F /* AppDelegate.swift */; };
		2F58EEE824E51F3500904F8F /* SceneDelegate.swift in Sources */ = {isa = PBXBuildFile; fileRef = 2F58EEE724E51F3500904F8F /* SceneDelegate.swift */; };
		2F58EEEA24E51F3500904F8F /* ViewController.swift in Sources */ = {isa = PBXBuildFile; fileRef = 2F58EEE924E51F3500904F8F /* ViewController.swift */; };
		2F58EEEF24E51F3B00904F8F /* Assets.xcassets in Resources */ = {isa = PBXBuildFile; fileRef = 2F58EEEE24E51F3B00904F8F /* Assets.xcassets */; };
		2F58EEF224E51F3B00904F8F /* LaunchScreen.storyboard in Resources */ = {isa = PBXBuildFile; fileRef = 2F58EEF024E51F3B00904F8F /* LaunchScreen.storyboard */; };
		2F58EEFB24E51FDF00904F8F /* HomeView.swift in Sources */ = {isa = PBXBuildFile; fileRef = 2F58EEFA24E51FDF00904F8F /* HomeView.swift */; };
		2F58EEFE24E5239500904F8F /* PhotoInfo.swift in Sources */ = {isa = PBXBuildFile; fileRef = 2F58EEFD24E5239500904F8F /* PhotoInfo.swift */; };
		2F58EF0124E523F600904F8F /* URL+Helpers.swift in Sources */ = {isa = PBXBuildFile; fileRef = 2F58EF0024E523F600904F8F /* URL+Helpers.swift */; };
		2F58EF0424E524A100904F8F /* PhotoInfoService.swift in Sources */ = {isa = PBXBuildFile; fileRef = 2F58EF0324E524A100904F8F /* PhotoInfoService.swift */; };
		2F58EF0624E52A1200904F8F /* UIImageView+Helpers.swift in Sources */ = {isa = PBXBuildFile; fileRef = 2F58EF0524E52A1200904F8F /* UIImageView+Helpers.swift */; };
/* End PBXBuildFile section */

/* Begin PBXFileReference section */
		2F58EEE224E51F3500904F8F /* NasaDailyPhoto.app */ = {isa = PBXFileReference; explicitFileType = wrapper.application; includeInIndex = 0; path = NasaDailyPhoto.app; sourceTree = BUILT_PRODUCTS_DIR; };
		2F58EEE524E51F3500904F8F /* AppDelegate.swift */ = {isa = PBXFileReference; lastKnownFileType = sourcecode.swift; path = AppDelegate.swift; sourceTree = "<group>"; };
		2F58EEE724E51F3500904F8F /* SceneDelegate.swift */ = {isa = PBXFileReference; lastKnownFileType = sourcecode.swift; path = SceneDelegate.swift; sourceTree = "<group>"; };
		2F58EEE924E51F3500904F8F /* ViewController.swift */ = {isa = PBXFileReference; lastKnownFileType = sourcecode.swift; path = ViewController.swift; sourceTree = "<group>"; };
		2F58EEEE24E51F3B00904F8F /* Assets.xcassets */ = {isa = PBXFileReference; lastKnownFileType = folder.assetcatalog; path = Assets.xcassets; sourceTree = "<group>"; };
		2F58EEF124E51F3B00904F8F /* Base */ = {isa = PBXFileReference; lastKnownFileType = file.storyboard; name = Base; path = Base.lproj/LaunchScreen.storyboard; sourceTree = "<group>"; };
		2F58EEF324E51F3B00904F8F /* Info.plist */ = {isa = PBXFileReference; lastKnownFileType = text.plist.xml; path = Info.plist; sourceTree = "<group>"; };
		2F58EEFA24E51FDF00904F8F /* HomeView.swift */ = {isa = PBXFileReference; lastKnownFileType = sourcecode.swift; path = HomeView.swift; sourceTree = "<group>"; };
		2F58EEFD24E5239500904F8F /* PhotoInfo.swift */ = {isa = PBXFileReference; lastKnownFileType = sourcecode.swift; path = PhotoInfo.swift; sourceTree = "<group>"; };
		2F58EF0024E523F600904F8F /* URL+Helpers.swift */ = {isa = PBXFileReference; lastKnownFileType = sourcecode.swift; path = "URL+Helpers.swift"; sourceTree = "<group>"; };
		2F58EF0324E524A100904F8F /* PhotoInfoService.swift */ = {isa = PBXFileReference; lastKnownFileType = sourcecode.swift; path = PhotoInfoService.swift; sourceTree = "<group>"; };
		2F58EF0524E52A1200904F8F /* UIImageView+Helpers.swift */ = {isa = PBXFileReference; lastKnownFileType = sourcecode.swift; path = "UIImageView+Helpers.swift"; sourceTree = "<group>"; };
/* End PBXFileReference section */

/* Begin PBXFrameworksBuildPhase section */
		2F58EEDF24E51F3500904F8F /* Frameworks */ = {
			isa = PBXFrameworksBuildPhase;
			buildActionMask = 2147483647;
			files = (
			);
			runOnlyForDeploymentPostprocessing = 0;
		};
/* End PBXFrameworksBuildPhase section */

/* Begin PBXGroup section */
		2F58EED924E51F3500904F8F = {
			isa = PBXGroup;
			children = (
				2F58EEE424E51F3500904F8F /* NasaDailyPhoto */,
				2F58EEE324E51F3500904F8F /* Products */,
			);
			sourceTree = "<group>";
		};
		2F58EEE324E51F3500904F8F /* Products */ = {
			isa = PBXGroup;
			children = (
				2F58EEE224E51F3500904F8F /* NasaDailyPhoto.app */,
			);
			name = Products;
			sourceTree = "<group>";
		};
		2F58EEE424E51F3500904F8F /* NasaDailyPhoto */ = {
			isa = PBXGroup;
			children = (
				2F58EF0724E5431500904F8F /* Controllers */,
				2F58EF0224E5248400904F8F /* Services */,
				2F58EEFF24E523D600904F8F /* Helpers */,
				2F58EEFC24E5238500904F8F /* Models */,
				2F58EEF924E51FBE00904F8F /* Views */,
				2F58EEE524E51F3500904F8F /* AppDelegate.swift */,
				2F58EEE724E51F3500904F8F /* SceneDelegate.swift */,
				2F58EEEE24E51F3B00904F8F /* Assets.xcassets */,
				2F58EEF024E51F3B00904F8F /* LaunchScreen.storyboard */,
				2F58EEF324E51F3B00904F8F /* Info.plist */,
			);
			path = NasaDailyPhoto;
			sourceTree = "<group>";
		};
		2F58EEF924E51FBE00904F8F /* Views */ = {
			isa = PBXGroup;
			children = (
				2F58EEFA24E51FDF00904F8F /* HomeView.swift */,
			);
			path = Views;
			sourceTree = "<group>";
		};
		2F58EEFC24E5238500904F8F /* Models */ = {
			isa = PBXGroup;
			children = (
				2F58EEFD24E5239500904F8F /* PhotoInfo.swift */,
			);
			path = Models;
			sourceTree = "<group>";
		};
		2F58EEFF24E523D600904F8F /* Helpers */ = {
			isa = PBXGroup;
			children = (
				2F58EF0024E523F600904F8F /* URL+Helpers.swift */,
				2F58EF0524E52A1200904F8F /* UIImageView+Helpers.swift */,
			);
			path = Helpers;
			sourceTree = "<group>";
		};
		2F58EF0224E5248400904F8F /* Services */ = {
			isa = PBXGroup;
			children = (
				2F58EF0324E524A100904F8F /* PhotoInfoService.swift */,
			);
			path = Services;
			sourceTree = "<group>";
		};
		2F58EF0724E5431500904F8F /* Controllers */ = {
			isa = PBXGroup;
			children = (
				2F58EEE924E51F3500904F8F /* ViewController.swift */,
			);
			path = Controllers;
			sourceTree = "<group>";
		};
/* End PBXGroup section */

/* Begin PBXNativeTarget section */
		2F58EEE124E51F3500904F8F /* NasaDailyPhoto */ = {
			isa = PBXNativeTarget;
			buildConfigurationList = 2F58EEF624E51F3B00904F8F /* Build configuration list for PBXNativeTarget "NasaDailyPhoto" */;
			buildPhases = (
				2F58EEDE24E51F3500904F8F /* Sources */,
				2F58EEDF24E51F3500904F8F /* Frameworks */,
				2F58EEE024E51F3500904F8F /* Resources */,
			);
			buildRules = (
			);
			dependencies = (
			);
			name = NasaDailyPhoto;
			productName = NasaDailyPhoto;
			productReference = 2F58EEE224E51F3500904F8F /* NasaDailyPhoto.app */;
			productType = "com.apple.product-type.application";
		};
/* End PBXNativeTarget section */

/* Begin PBXProject section */
		2F58EEDA24E51F3500904F8F /* Project object */ = {
			isa = PBXProject;
			attributes = {
				LastSwiftUpdateCheck = 1160;
				LastUpgradeCheck = 1160;
				ORGANIZATIONNAME = "Camilo Cabana";
				TargetAttributes = {
					2F58EEE124E51F3500904F8F = {
						CreatedOnToolsVersion = 11.6;
					};
				};
			};
			buildConfigurationList = 2F58EEDD24E51F3500904F8F /* Build configuration list for PBXProject "NasaDailyPhoto" */;
			compatibilityVersion = "Xcode 9.3";
			developmentRegion = en;
			hasScannedForEncodings = 0;
			knownRegions = (
				en,
				Base,
			);
			mainGroup = 2F58EED924E51F3500904F8F;
			productRefGroup = 2F58EEE324E51F3500904F8F /* Products */;
			projectDirPath = "";
			projectRoot = "";
			targets = (
				2F58EEE124E51F3500904F8F /* NasaDailyPhoto */,
			);
		};
/* End PBXProject section */

/* Begin PBXResourcesBuildPhase section */
		2F58EEE024E51F3500904F8F /* Resources */ = {
			isa = PBXResourcesBuildPhase;
			buildActionMask = 2147483647;
			files = (
				2F58EEF224E51F3B00904F8F /* LaunchScreen.storyboard in Resources */,
				2F58EEEF24E51F3B00904F8F /* Assets.xcassets in Resources */,
			);
			runOnlyForDeploymentPostprocessing = 0;
		};
/* End PBXResourcesBuildPhase section */

/* Begin PBXSourcesBuildPhase section */
		2F58EEDE24E51F3500904F8F /* Sources */ = {
			isa = PBXSourcesBuildPhase;
			buildActionMask = 2147483647;
			files = (
				2F58EEEA24E51F3500904F8F /* ViewController.swift in Sources */,
				2F58EF0124E523F600904F8F /* URL+Helpers.swift in Sources */,
				2F58EEFB24E51FDF00904F8F /* HomeView.swift in Sources */,
				2F58EF0424E524A100904F8F /* PhotoInfoService.swift in Sources */,
				2F58EEE624E51F3500904F8F /* AppDelegate.swift in Sources */,
				2F58EEE824E51F3500904F8F /* SceneDelegate.swift in Sources */,
				2F58EF0624E52A1200904F8F /* UIImageView+Helpers.swift in Sources */,
				2F58EEFE24E5239500904F8F /* PhotoInfo.swift in Sources */,
			);
			runOnlyForDeploymentPostprocessing = 0;
		};
/* End PBXSourcesBuildPhase section */

/* Begin PBXVariantGroup section */
		2F58EEF024E51F3B00904F8F /* LaunchScreen.storyboard */ = {
			isa = PBXVariantGroup;
			children = (
				2F58EEF124E51F3B00904F8F /* Base */,
			);
			name = LaunchScreen.storyboard;
			sourceTree = "<group>";
		};
/* End PBXVariantGroup section */

/* Begin XCBuildConfiguration section */
		2F58EEF424E51F3B00904F8F /* Debug */ = {
			isa = XCBuildConfiguration;
			buildSettings = {
				ALWAYS_SEARCH_USER_PATHS = NO;
				CLANG_ANALYZER_NONNULL = YES;
				CLANG_ANALYZER_NUMBER_OBJECT_CONVERSION = YES_AGGRESSIVE;
				CLANG_CXX_LANGUAGE_STANDARD = "gnu++14";
				CLANG_CXX_LIBRARY = "libc++";
				CLANG_ENABLE_MODULES = YES;
				CLANG_ENABLE_OBJC_ARC = YES;
				CLANG_ENABLE_OBJC_WEAK = YES;
				CLANG_WARN_BLOCK_CAPTURE_AUTORELEASING = YES;
				CLANG_WARN_BOOL_CONVERSION = YES;
				CLANG_WARN_COMMA = YES;
				CLANG_WARN_CONSTANT_CONVERSION = YES;
				CLANG_WARN_DEPRECATED_OBJC_IMPLEMENTATIONS = YES;
				CLANG_WARN_DIRECT_OBJC_ISA_USAGE = YES_ERROR;
				CLANG_WARN_DOCUMENTATION_COMMENTS = YES;
				CLANG_WARN_EMPTY_BODY = YES;
				CLANG_WARN_ENUM_CONVERSION = YES;
				CLANG_WARN_INFINITE_RECURSION = YES;
				CLANG_WARN_INT_CONVERSION = YES;
				CLANG_WARN_NON_LITERAL_NULL_CONVERSION = YES;
				CLANG_WARN_OBJC_IMPLICIT_RETAIN_SELF = YES;
				CLANG_WARN_OBJC_LITERAL_CONVERSION = YES;
				CLANG_WARN_OBJC_ROOT_CLASS = YES_ERROR;
				CLANG_WARN_RANGE_LOOP_ANALYSIS = YES;
				CLANG_WARN_STRICT_PROTOTYPES = YES;
				CLANG_WARN_SUSPICIOUS_MOVE = YES;
				CLANG_WARN_UNGUARDED_AVAILABILITY = YES_AGGRESSIVE;
				CLANG_WARN_UNREACHABLE_CODE = YES;
				CLANG_WARN__DUPLICATE_METHOD_MATCH = YES;
				COPY_PHASE_STRIP = NO;
				DEBUG_INFORMATION_FORMAT = dwarf;
				ENABLE_STRICT_OBJC_MSGSEND = YES;
				ENABLE_TESTABILITY = YES;
				GCC_C_LANGUAGE_STANDARD = gnu11;
				GCC_DYNAMIC_NO_PIC = NO;
				GCC_NO_COMMON_BLOCKS = YES;
				GCC_OPTIMIZATION_LEVEL = 0;
				GCC_PREPROCESSOR_DEFINITIONS = (
					"DEBUG=1",
					"$(inherited)",
				);
				GCC_WARN_64_TO_32_BIT_CONVERSION = YES;
				GCC_WARN_ABOUT_RETURN_TYPE = YES_ERROR;
				GCC_WARN_UNDECLARED_SELECTOR = YES;
				GCC_WARN_UNINITIALIZED_AUTOS = YES_AGGRESSIVE;
				GCC_WARN_UNUSED_FUNCTION = YES;
				GCC_WARN_UNUSED_VARIABLE = YES;
				IPHONEOS_DEPLOYMENT_TARGET = 13.6;
				MTL_ENABLE_DEBUG_INFO = INCLUDE_SOURCE;
				MTL_FAST_MATH = YES;
				ONLY_ACTIVE_ARCH = YES;
				SDKROOT = iphoneos;
				SWIFT_ACTIVE_COMPILATION_CONDITIONS = DEBUG;
				SWIFT_OPTIMIZATION_LEVEL = "-Onone";
			};
			name = Debug;
		};
		2F58EEF524E51F3B00904F8F /* Release */ = {
			isa = XCBuildConfiguration;
			buildSettings = {
				ALWAYS_SEARCH_USER_PATHS = NO;
				CLANG_ANALYZER_NONNULL = YES;
				CLANG_ANALYZER_NUMBER_OBJECT_CONVERSION = YES_AGGRESSIVE;
				CLANG_CXX_LANGUAGE_STANDARD = "gnu++14";
				CLANG_CXX_LIBRARY = "libc++";
				CLANG_ENABLE_MODULES = YES;
				CLANG_ENABLE_OBJC_ARC = YES;
				CLANG_ENABLE_OBJC_WEAK = YES;
				CLANG_WARN_BLOCK_CAPTURE_AUTORELEASING = YES;
				CLANG_WARN_BOOL_CONVERSION = YES;
				CLANG_WARN_COMMA = YES;
				CLANG_WARN_CONSTANT_CONVERSION = YES;
				CLANG_WARN_DEPRECATED_OBJC_IMPLEMENTATIONS = YES;
				CLANG_WARN_DIRECT_OBJC_ISA_USAGE = YES_ERROR;
				CLANG_WARN_DOCUMENTATION_COMMENTS = YES;
				CLANG_WARN_EMPTY_BODY = YES;
				CLANG_WARN_ENUM_CONVERSION = YES;
				CLANG_WARN_INFINITE_RECURSION = YES;
				CLANG_WARN_INT_CONVERSION = YES;
				CLANG_WARN_NON_LITERAL_NULL_CONVERSION = YES;
				CLANG_WARN_OBJC_IMPLICIT_RETAIN_SELF = YES;
				CLANG_WARN_OBJC_LITERAL_CONVERSION = YES;
				CLANG_WARN_OBJC_ROOT_CLASS = YES_ERROR;
				CLANG_WARN_RANGE_LOOP_ANALYSIS = YES;
				CLANG_WARN_STRICT_PROTOTYPES = YES;
				CLANG_WARN_SUSPICIOUS_MOVE = YES;
				CLANG_WARN_UNGUARDED_AVAILABILITY = YES_AGGRESSIVE;
				CLANG_WARN_UNREACHABLE_CODE = YES;
				CLANG_WARN__DUPLICATE_METHOD_MATCH = YES;
				COPY_PHASE_STRIP = NO;
				DEBUG_INFORMATION_FORMAT = "dwarf-with-dsym";
				ENABLE_NS_ASSERTIONS = NO;
				ENABLE_STRICT_OBJC_MSGSEND = YES;
				GCC_C_LANGUAGE_STANDARD = gnu11;
				GCC_NO_COMMON_BLOCKS = YES;
				GCC_WARN_64_TO_32_BIT_CONVERSION = YES;
				GCC_WARN_ABOUT_RETURN_TYPE = YES_ERROR;
				GCC_WARN_UNDECLARED_SELECTOR = YES;
				GCC_WARN_UNINITIALIZED_AUTOS = YES_AGGRESSIVE;
				GCC_WARN_UNUSED_FUNCTION = YES;
				GCC_WARN_UNUSED_VARIABLE = YES;
				IPHONEOS_DEPLOYMENT_TARGET = 13.6;
				MTL_ENABLE_DEBUG_INFO = NO;
				MTL_FAST_MATH = YES;
				SDKROOT = iphoneos;
				SWIFT_COMPILATION_MODE = wholemodule;
				SWIFT_OPTIMIZATION_LEVEL = "-O";
				VALIDATE_PRODUCT = YES;
			};
			name = Release;
		};
		2F58EEF724E51F3B00904F8F /* Debug */ = {
			isa = XCBuildConfiguration;
			buildSettings = {
				ASSETCATALOG_COMPILER_APPICON_NAME = AppIcon;
				CODE_SIGN_STYLE = Automatic;
				DEVELOPMENT_TEAM = WK8JGF9VN3;
				INFOPLIST_FILE = NasaDailyPhoto/Info.plist;
				LD_RUNPATH_SEARCH_PATHS = (
					"$(inherited)",
					"@executable_path/Frameworks",
				);
				PRODUCT_BUNDLE_IDENTIFIER = com.camilocabana.NasaDailyPhoto;
				PRODUCT_NAME = "$(TARGET_NAME)";
				SWIFT_VERSION = 5.0;
				TARGETED_DEVICE_FAMILY = "1,2";
			};
			name = Debug;
		};
		2F58EEF824E51F3B00904F8F /* Release */ = {
			isa = XCBuildConfiguration;
			buildSettings = {
				ASSETCATALOG_COMPILER_APPICON_NAME = AppIcon;
				CODE_SIGN_STYLE = Automatic;
				DEVELOPMENT_TEAM = WK8JGF9VN3;
				INFOPLIST_FILE = NasaDailyPhoto/Info.plist;
				LD_RUNPATH_SEARCH_PATHS = (
					"$(inherited)",
					"@executable_path/Frameworks",
				);
				PRODUCT_BUNDLE_IDENTIFIER = com.camilocabana.NasaDailyPhoto;
				PRODUCT_NAME = "$(TARGET_NAME)";
				SWIFT_VERSION = 5.0;
				TARGETED_DEVICE_FAMILY = "1,2";
			};
			name = Release;
		};
/* End XCBuildConfiguration section */

/* Begin XCConfigurationList section */
		2F58EEDD24E51F3500904F8F /* Build configuration list for PBXProject "NasaDailyPhoto" */ = {
			isa = XCConfigurationList;
			buildConfigurations = (
				2F58EEF424E51F3B00904F8F /* Debug */,
				2F58EEF524E51F3B00904F8F /* Release */,
			);
			defaultConfigurationIsVisible = 0;
			defaultConfigurationName = Release;
		};
		2F58EEF624E51F3B00904F8F /* Build configuration list for PBXNativeTarget "NasaDailyPhoto" */ = {
			isa = XCConfigurationList;
			buildConfigurations = (
				2F58EEF724E51F3B00904F8F /* Debug */,
				2F58EEF824E51F3B00904F8F /* Release */,
			);
			defaultConfigurationIsVisible = 0;
			defaultConfigurationName = Release;
		};
/* End XCConfigurationList section */
	};
	rootObject = 2F58EEDA24E51F3500904F8F /* Project object */;
}
